<Solution>
  <Folder Name="/Элементы решения/">
    <File Path="../../docker-compose.yml" />
  </Folder>
  <Project Path="Eltorto.API/Eltorto.API.csproj" />
  <Project Path="Eltorto.Application/Eltorto.Application.csproj" Id="bbb32b2f-9288-4f9f-ae69-ef842653c15d" />
  <Project Path="Eltorto.Domain/Eltorto.Domain.csproj" />
  <Project Path="Eltorto.Infrastructure/Eltorto.Infrastructure.csproj" />
</Solution>
